// !$*UTF8*$!
{
	archiveVersion = 1;
	classes = {
	};
	objectVersion = 48;
	objects = {

/* Begin PBXBuildFile section */
		8E938017206C3D4F001C7E42 /* AppDelegate.swift in Sources */ = {isa = PBXBuildFile; fileRef = 8E938016206C3D4F001C7E42 /* AppDelegate.swift */; };
		8E938019206C3D4F001C7E42 /* ViewController.swift in Sources */ = {isa = PBXBuildFile; fileRef = 8E938018206C3D4F001C7E42 /* ViewController.swift */; };
		8E93801C206C3D4F001C7E42 /* Main.storyboard in Resources */ = {isa = PBXBuildFile; fileRef = 8E93801A206C3D4F001C7E42 /* Main.storyboard */; };
		8E93801E206C3D4F001C7E42 /* Assets.xcassets in Resources */ = {isa = PBXBuildFile; fileRef = 8E93801D206C3D4F001C7E42 /* Assets.xcassets */; };
		8E938021206C3D4F001C7E42 /* LaunchScreen.storyboard in Resources */ = {isa = PBXBuildFile; fileRef = 8E93801F206C3D4F001C7E42 /* LaunchScreen.storyboard */; };
		8E93802C206C3D4F001C7E42 /* TinderTests.swift in Sources */ = {isa = PBXBuildFile; fileRef = 8E93802B206C3D4F001C7E42 /* TinderTests.swift */; };
		8E938037206C3D4F001C7E42 /* TinderUITests.swift in Sources */ = {isa = PBXBuildFile; fileRef = 8E938036206C3D4F001C7E42 /* TinderUITests.swift */; };
/* End PBXBuildFile section */

/* Begin PBXContainerItemProxy section */
		8E938028206C3D4F001C7E42 /* PBXContainerItemProxy */ = {
			isa = PBXContainerItemProxy;
			containerPortal = 8E93800B206C3D4F001C7E42 /* Project object */;
			proxyType = 1;
			remoteGlobalIDString = 8E938012206C3D4F001C7E42;
			remoteInfo = Tinder;
		};
		8E938033206C3D4F001C7E42 /* PBXContainerItemProxy */ = {
			isa = PBXContainerItemProxy;
			containerPortal = 8E93800B206C3D4F001C7E42 /* Project object */;
			proxyType = 1;
			remoteGlobalIDString = 8E938012206C3D4F001C7E42;
			remoteInfo = Tinder;
		};
/* End PBXContainerItemProxy section */

/* Begin PBXFileReference section */
		8E938013206C3D4F001C7E42 /* Tinder.app */ = {isa = PBXFileReference; explicitFileType = wrapper.application; includeInIndex = 0; path = Tinder.app; sourceTree = BUILT_PRODUCTS_DIR; };
		8E938016206C3D4F001C7E42 /* AppDelegate.swift */ = {isa = PBXFileReference; lastKnownFileType = sourcecode.swift; path = AppDelegate.swift; sourceTree = "<group>"; };
		8E938018206C3D4F001C7E42 /* ViewController.swift */ = {isa = PBXFileReference; lastKnownFileType = sourcecode.swift; path = ViewController.swift; sourceTree = "<group>"; };
		8E93801B206C3D4F001C7E42 /* Base */ = {isa = PBXFileReference; lastKnownFileType = file.storyboard; name = Base; path = Base.lproj/Main.storyboard; sourceTree = "<group>"; };
		8E93801D206C3D4F001C7E42 /* Assets.xcassets */ = {isa = PBXFileReference; lastKnownFileType = folder.assetcatalog; path = Assets.xcassets; sourceTree = "<group>"; };
		8E938020206C3D4F001C7E42 /* Base */ = {isa = PBXFileReference; lastKnownFileType = file.storyboard; name = Base; path = Base.lproj/LaunchScreen.storyboard; sourceTree = "<group>"; };
		8E938022206C3D4F001C7E42 /* Info.plist */ = {isa = PBXFileReference; lastKnownFileType = text.plist.xml; path = Info.plist; sourceTree = "<group>"; };
		8E938027206C3D4F001C7E42 /* TinderTests.xctest */ = {isa = PBXFileReference; explicitFileType = wrapper.cfbundle; includeInIndex = 0; path = TinderTests.xctest; sourceTree = BUILT_PRODUCTS_DIR; };
		8E93802B206C3D4F001C7E42 /* TinderTests.swift */ = {isa = PBXFileReference; lastKnownFileType = sourcecode.swift; path = TinderTests.swift; sourceTree = "<group>"; };
		8E93802D206C3D4F001C7E42 /* Info.plist */ = {isa = PBXFileReference; lastKnownFileType = text.plist.xml; path = Info.plist; sourceTree = "<group>"; };
		8E938032206C3D4F001C7E42 /* TinderUITests.xctest */ = {isa = PBXFileReference; explicitFileType = wrapper.cfbundle; includeInIndex = 0; path = TinderUITests.xctest; sourceTree = BUILT_PRODUCTS_DIR; };
		8E938036206C3D4F001C7E42 /* TinderUITests.swift */ = {isa = PBXFileReference; lastKnownFileType = sourcecode.swift; path = TinderUITests.swift; sourceTree = "<group>"; };
		8E938038206C3D4F001C7E42 /* Info.plist */ = {isa = PBXFileReference; lastKnownFileType = text.plist.xml; path = Info.plist; sourceTree = "<group>"; };
/* End PBXFileReference section */

/* Begin PBXFrameworksBuildPhase section */
		8E938010206C3D4F001C7E42 /* Frameworks */ = {
			isa = PBXFrameworksBuildPhase;
			buildActionMask = 2147483647;
			files = (
			);
			runOnlyForDeploymentPostprocessing = 0;
		};
		8E938024206C3D4F001C7E42 /* Frameworks */ = {
			isa = PBXFrameworksBuildPhase;
			buildActionMask = 2147483647;
			files = (
			);
			runOnlyForDeploymentPostprocessing = 0;
		};
		8E93802F206C3D4F001C7E42 /* Frameworks */ = {
			isa = PBXFrameworksBuildPhase;
			buildActionMask = 2147483647;
			files = (
			);
			runOnlyForDeploymentPostprocessing = 0;
		};
/* End PBXFrameworksBuildPhase section */

/* Begin PBXGroup section */
		8E93800A206C3D4F001C7E42 = {
			isa = PBXGroup;
			children = (
				8E938015206C3D4F001C7E42 /* Tinder */,
				8E93802A206C3D4F001C7E42 /* TinderTests */,
				8E938035206C3D4F001C7E42 /* TinderUITests */,
				8E938014206C3D4F001C7E42 /* Products */,
			);
			sourceTree = "<group>";
		};
		8E938014206C3D4F001C7E42 /* Products */ = {
			isa = PBXGroup;
			children = (
				8E938013206C3D4F001C7E42 /* Tinder.app */,
				8E938027206C3D4F001C7E42 /* TinderTests.xctest */,
				8E938032206C3D4F001C7E42 /* TinderUITests.xctest */,
			);
			name = Products;
			sourceTree = "<group>";
		};
		8E938015206C3D4F001C7E42 /* Tinder */ = {
			isa = PBXGroup;
			children = (
				8E938016206C3D4F001C7E42 /* AppDelegate.swift */,
				8E938018206C3D4F001C7E42 /* ViewController.swift */,
				8E93801A206C3D4F001C7E42 /* Main.storyboard */,
				8E93801D206C3D4F001C7E42 /* Assets.xcassets */,
				8E93801F206C3D4F001C7E42 /* LaunchScreen.storyboard */,
				8E938022206C3D4F001C7E42 /* Info.plist */,
			);
			path = Tinder;
			sourceTree = "<group>";
		};
		8E93802A206C3D4F001C7E42 /* TinderTests */ = {
			isa = PBXGroup;
			children = (
				8E93802B206C3D4F001C7E42 /* TinderTests.swift */,
				8E93802D206C3D4F001C7E42 /* Info.plist */,
			);
			path = TinderTests;
			sourceTree = "<group>";
		};
		8E938035206C3D4F001C7E42 /* TinderUITests */ = {
			isa = PBXGroup;
			children = (
				8E938036206C3D4F001C7E42 /* TinderUITests.swift */,
				8E938038206C3D4F001C7E42 /* Info.plist */,
			);
			path = TinderUITests;
			sourceTree = "<group>";
		};
/* End PBXGroup section */

/* Begin PBXNativeTarget section */
		8E938012206C3D4F001C7E42 /* Tinder */ = {
			isa = PBXNativeTarget;
			buildConfigurationList = 8E93803B206C3D4F001C7E42 /* Build configuration list for PBXNativeTarget "Tinder" */;
			buildPhases = (
				8E93800F206C3D4F001C7E42 /* Sources */,
				8E938010206C3D4F001C7E42 /* Frameworks */,
				8E938011206C3D4F001C7E42 /* Resources */,
			);
			buildRules = (
			);
			dependencies = (
			);
			name = Tinder;
			productName = Tinder;
			productReference = 8E938013206C3D4F001C7E42 /* Tinder.app */;
			productType = "com.apple.product-type.application";
		};
		8E938026206C3D4F001C7E42 /* TinderTests */ = {
			isa = PBXNativeTarget;
			buildConfigurationList = 8E93803E206C3D4F001C7E42 /* Build configuration list for PBXNativeTarget "TinderTests" */;
			buildPhases = (
				8E938023206C3D4F001C7E42 /* Sources */,
				8E938024206C3D4F001C7E42 /* Frameworks */,
				8E938025206C3D4F001C7E42 /* Resources */,
			);
			buildRules = (
			);
			dependencies = (
				8E938029206C3D4F001C7E42 /* PBXTargetDependency */,
			);
			name = TinderTests;
			productName = TinderTests;
			productReference = 8E938027206C3D4F001C7E42 /* TinderTests.xctest */;
			productType = "com.apple.product-type.bundle.unit-test";
		};
		8E938031206C3D4F001C7E42 /* TinderUITests */ = {
			isa = PBXNativeTarget;
			buildConfigurationList = 8E938041206C3D4F001C7E42 /* Build configuration list for PBXNativeTarget "TinderUITests" */;
			buildPhases = (
				8E93802E206C3D4F001C7E42 /* Sources */,
				8E93802F206C3D4F001C7E42 /* Frameworks */,
				8E938030206C3D4F001C7E42 /* Resources */,
			);
			buildRules = (
			);
			dependencies = (
				8E938034206C3D4F001C7E42 /* PBXTargetDependency */,
			);
			name = TinderUITests;
			productName = TinderUITests;
			productReference = 8E938032206C3D4F001C7E42 /* TinderUITests.xctest */;
			productType = "com.apple.product-type.bundle.ui-testing";
		};
/* End PBXNativeTarget section */

/* Begin PBXProject section */
		8E93800B206C3D4F001C7E42 /* Project object */ = {
			isa = PBXProject;
			attributes = {
				LastSwiftUpdateCheck = 0920;
				LastUpgradeCheck = 0920;
				ORGANIZATIONNAME = "Israel Andrade";
				TargetAttributes = {
					8E938012206C3D4F001C7E42 = {
						CreatedOnToolsVersion = 9.2;
						ProvisioningStyle = Automatic;
					};
					8E938026206C3D4F001C7E42 = {
						CreatedOnToolsVersion = 9.2;
						ProvisioningStyle = Automatic;
						TestTargetID = 8E938012206C3D4F001C7E42;
					};
					8E938031206C3D4F001C7E42 = {
						CreatedOnToolsVersion = 9.2;
						ProvisioningStyle = Automatic;
						TestTargetID = 8E938012206C3D4F001C7E42;
					};
				};
			};
			buildConfigurationList = 8E93800E206C3D4F001C7E42 /* Build configuration list for PBXProject "Tinder" */;
			compatibilityVersion = "Xcode 8.0";
			developmentRegion = en;
			hasScannedForEncodings = 0;
			knownRegions = (
				en,
				Base,
			);
			mainGroup = 8E93800A206C3D4F001C7E42;
			productRefGroup = 8E938014206C3D4F001C7E42 /* Products */;
			projectDirPath = "";
			projectRoot = "";
			targets = (
				8E938012206C3D4F001C7E42 /* Tinder */,
				8E938026206C3D4F001C7E42 /* TinderTests */,
				8E938031206C3D4F001C7E42 /* TinderUITests */,
			);
		};
/* End PBXProject section */

/* Begin PBXResourcesBuildPhase section */
		8E938011206C3D4F001C7E42 /* Resources */ = {
			isa = PBXResourcesBuildPhase;
			buildActionMask = 2147483647;
			files = (
				8E938021206C3D4F001C7E42 /* LaunchScreen.storyboard in Resources */,
				8E93801E206C3D4F001C7E42 /* Assets.xcassets in Resources */,
				8E93801C206C3D4F001C7E42 /* Main.storyboard in Resources */,
			);
			runOnlyForDeploymentPostprocessing = 0;
		};
		8E938025206C3D4F001C7E42 /* Resources */ = {
			isa = PBXResourcesBuildPhase;
			buildActionMask = 2147483647;
			files = (
			);
			runOnlyForDeploymentPostprocessing = 0;
		};
		8E938030206C3D4F001C7E42 /* Resources */ = {
			isa = PBXResourcesBuildPhase;
			buildActionMask = 2147483647;
			files = (
			);
			runOnlyForDeploymentPostprocessing = 0;
		};
/* End PBXResourcesBuildPhase section */

/* Begin PBXSourcesBuildPhase section */
		8E93800F206C3D4F001C7E42 /* Sources */ = {
			isa = PBXSourcesBuildPhase;
			buildActionMask = 2147483647;
			files = (
				8E938019206C3D4F001C7E42 /* ViewController.swift in Sources */,
				8E938017206C3D4F001C7E42 /* AppDelegate.swift in Sources */,
			);
			runOnlyForDeploymentPostprocessing = 0;
		};
		8E938023206C3D4F001C7E42 /* Sources */ = {
			isa = PBXSourcesBuildPhase;
			buildActionMask = 2147483647;
			files = (
				8E93802C206C3D4F001C7E42 /* TinderTests.swift in Sources */,
			);
			runOnlyForDeploymentPostprocessing = 0;
		};
		8E93802E206C3D4F001C7E42 /* Sources */ = {
			isa = PBXSourcesBuildPhase;
			buildActionMask = 2147483647;
			files = (
				8E938037206C3D4F001C7E42 /* TinderUITests.swift in Sources */,
			);
			runOnlyForDeploymentPostprocessing = 0;
		};
/* End PBXSourcesBuildPhase section */

/* Begin PBXTargetDependency section */
		8E938029206C3D4F001C7E42 /* PBXTargetDependency */ = {
			isa = PBXTargetDependency;
			target = 8E938012206C3D4F001C7E42 /* Tinder */;
			targetProxy = 8E938028206C3D4F001C7E42 /* PBXContainerItemProxy */;
		};
		8E938034206C3D4F001C7E42 /* PBXTargetDependency */ = {
			isa = PBXTargetDependency;
			target = 8E938012206C3D4F001C7E42 /* Tinder */;
			targetProxy = 8E938033206C3D4F001C7E42 /* PBXContainerItemProxy */;
		};
/* End PBXTargetDependency section */

/* Begin PBXVariantGroup section */
		8E93801A206C3D4F001C7E42 /* Main.storyboard */ = {
			isa = PBXVariantGroup;
			children = (
				8E93801B206C3D4F001C7E42 /* Base */,
			);
			name = Main.storyboard;
			sourceTree = "<group>";
		};
		8E93801F206C3D4F001C7E42 /* LaunchScreen.storyboard */ = {
			isa = PBXVariantGroup;
			children = (
				8E938020206C3D4F001C7E42 /* Base */,
			);
			name = LaunchScreen.storyboard;
			sourceTree = "<group>";
		};
/* End PBXVariantGroup section */

/* Begin XCBuildConfiguration section */
		8E938039206C3D4F001C7E42 /* Debug */ = {
			isa = XCBuildConfiguration;
			buildSettings = {
				ALWAYS_SEARCH_USER_PATHS = NO;
				CLANG_ANALYZER_NONNULL = YES;
				CLANG_ANALYZER_NUMBER_OBJECT_CONVERSION = YES_AGGRESSIVE;
				CLANG_CXX_LANGUAGE_STANDARD = "gnu++14";
				CLANG_CXX_LIBRARY = "libc++";
				CLANG_ENABLE_MODULES = YES;
				CLANG_ENABLE_OBJC_ARC = YES;
				CLANG_WARN_BLOCK_CAPTURE_AUTORELEASING = YES;
				CLANG_WARN_BOOL_CONVERSION = YES;
				CLANG_WARN_COMMA = YES;
				CLANG_WARN_CONSTANT_CONVERSION = YES;
				CLANG_WARN_DIRECT_OBJC_ISA_USAGE = YES_ERROR;
				CLANG_WARN_DOCUMENTATION_COMMENTS = YES;
				CLANG_WARN_EMPTY_BODY = YES;
				CLANG_WARN_ENUM_CONVERSION = YES;
				CLANG_WARN_INFINITE_RECURSION = YES;
				CLANG_WARN_INT_CONVERSION = YES;
				CLANG_WARN_NON_LITERAL_NULL_CONVERSION = YES;
				CLANG_WARN_OBJC_LITERAL_CONVERSION = YES;
				CLANG_WARN_OBJC_ROOT_CLASS = YES_ERROR;
				CLANG_WARN_RANGE_LOOP_ANALYSIS = YES;
				CLANG_WARN_STRICT_PROTOTYPES = YES;
				CLANG_WARN_SUSPICIOUS_MOVE = YES;
				CLANG_WARN_UNGUARDED_AVAILABILITY = YES_AGGRESSIVE;
				CLANG_WARN_UNREACHABLE_CODE = YES;
				CLANG_WARN__DUPLICATE_METHOD_MATCH = YES;
				CODE_SIGN_IDENTITY = "iPhone Developer";
				COPY_PHASE_STRIP = NO;
				DEBUG_INFORMATION_FORMAT = dwarf;
				ENABLE_STRICT_OBJC_MSGSEND = YES;
				ENABLE_TESTABILITY = YES;
				GCC_C_LANGUAGE_STANDARD = gnu11;
				GCC_DYNAMIC_NO_PIC = NO;
				GCC_NO_COMMON_BLOCKS = YES;
				GCC_OPTIMIZATION_LEVEL = 0;
				GCC_PREPROCESSOR_DEFINITIONS = (
					"DEBUG=1",
					"$(inherited)",
				);
				GCC_WARN_64_TO_32_BIT_CONVERSION = YES;
				GCC_WARN_ABOUT_RETURN_TYPE = YES_ERROR;
				GCC_WARN_UNDECLARED_SELECTOR = YES;
				GCC_WARN_UNINITIALIZED_AUTOS = YES_AGGRESSIVE;
				GCC_WARN_UNUSED_FUNCTION = YES;
				GCC_WARN_UNUSED_VARIABLE = YES;
				IPHONEOS_DEPLOYMENT_TARGET = 11.2;
				MTL_ENABLE_DEBUG_INFO = YES;
				ONLY_ACTIVE_ARCH = YES;
				SDKROOT = iphoneos;
				SWIFT_ACTIVE_COMPILATION_CONDITIONS = DEBUG;
				SWIFT_OPTIMIZATION_LEVEL = "-Onone";
			};
			name = Debug;
		};
		8E93803A206C3D4F001C7E42 /* Release */ = {
			isa = XCBuildConfiguration;
			buildSettings = {
				ALWAYS_SEARCH_USER_PATHS = NO;
				CLANG_ANALYZER_NONNULL = YES;
				CLANG_ANALYZER_NUMBER_OBJECT_CONVERSION = YES_AGGRESSIVE;
				CLANG_CXX_LANGUAGE_STANDARD = "gnu++14";
				CLANG_CXX_LIBRARY = "libc++";
				CLANG_ENABLE_MODULES = YES;
				CLANG_ENABLE_OBJC_ARC = YES;
				CLANG_WARN_BLOCK_CAPTURE_AUTORELEASING = YES;
				CLANG_WARN_BOOL_CONVERSION = YES;
				CLANG_WARN_COMMA = YES;
				CLANG_WARN_CONSTANT_CONVERSION = YES;
				CLANG_WARN_DIRECT_OBJC_ISA_USAGE = YES_ERROR;
				CLANG_WARN_DOCUMENTATION_COMMENTS = YES;
				CLANG_WARN_EMPTY_BODY = YES;
				CLANG_WARN_ENUM_CONVERSION = YES;
				CLANG_WARN_INFINITE_RECURSION = YES;
				CLANG_WARN_INT_CONVERSION = YES;
				CLANG_WARN_NON_LITERAL_NULL_CONVERSION = YES;
				CLANG_WARN_OBJC_LITERAL_CONVERSION = YES;
				CLANG_WARN_OBJC_ROOT_CLASS = YES_ERROR;
				CLANG_WARN_RANGE_LOOP_ANALYSIS = YES;
				CLANG_WARN_STRICT_PROTOTYPES = YES;
				CLANG_WARN_SUSPICIOUS_MOVE = YES;
				CLANG_WARN_UNGUARDED_AVAILABILITY = YES_AGGRESSIVE;
				CLANG_WARN_UNREACHABLE_CODE = YES;
				CLANG_WARN__DUPLICATE_METHOD_MATCH = YES;
				CODE_SIGN_IDENTITY = "iPhone Developer";
				COPY_PHASE_STRIP = NO;
				DEBUG_INFORMATION_FORMAT = "dwarf-with-dsym";
				ENABLE_NS_ASSERTIONS = NO;
				ENABLE_STRICT_OBJC_MSGSEND = YES;
				GCC_C_LANGUAGE_STANDARD = gnu11;
				GCC_NO_COMMON_BLOCKS = YES;
				GCC_WARN_64_TO_32_BIT_CONVERSION = YES;
				GCC_WARN_ABOUT_RETURN_TYPE = YES_ERROR;
				GCC_WARN_UNDECLARED_SELECTOR = YES;
				GCC_WARN_UNINITIALIZED_AUTOS = YES_AGGRESSIVE;
				GCC_WARN_UNUSED_FUNCTION = YES;
				GCC_WARN_UNUSED_VARIABLE = YES;
				IPHONEOS_DEPLOYMENT_TARGET = 11.2;
				MTL_ENABLE_DEBUG_INFO = NO;
				SDKROOT = iphoneos;
				SWIFT_OPTIMIZATION_LEVEL = "-Owholemodule";
				VALIDATE_PRODUCT = YES;
			};
			name = Release;
		};
		8E93803C206C3D4F001C7E42 /* Debug */ = {
			isa = XCBuildConfiguration;
			buildSettings = {
				ASSETCATALOG_COMPILER_APPICON_NAME = AppIcon;
				CODE_SIGN_STYLE = Automatic;
				DEVELOPMENT_TEAM = CCQW2FKVTH;
				INFOPLIST_FILE = Tinder/Info.plist;
				LD_RUNPATH_SEARCH_PATHS = "$(inherited) @executable_path/Frameworks";
				PRODUCT_BUNDLE_IDENTIFIER = csumb.Tinder;
				PRODUCT_NAME = "$(TARGET_NAME)";
				SWIFT_VERSION = 4.0;
				TARGETED_DEVICE_FAMILY = "1,2";
			};
			name = Debug;
		};
		8E93803D206C3D4F001C7E42 /* Release */ = {
			isa = XCBuildConfiguration;
			buildSettings = {
				ASSETCATALOG_COMPILER_APPICON_NAME = AppIcon;
				CODE_SIGN_STYLE = Automatic;
				DEVELOPMENT_TEAM = CCQW2FKVTH;
				INFOPLIST_FILE = Tinder/Info.plist;
				LD_RUNPATH_SEARCH_PATHS = "$(inherited) @executable_path/Frameworks";
				PRODUCT_BUNDLE_IDENTIFIER = csumb.Tinder;
				PRODUCT_NAME = "$(TARGET_NAME)";
				SWIFT_VERSION = 4.0;
				TARGETED_DEVICE_FAMILY = "1,2";
			};
			name = Release;
		};
		8E93803F206C3D4F001C7E42 /* Debug */ = {
			isa = XCBuildConfiguration;
			buildSettings = {
				ALWAYS_EMBED_SWIFT_STANDARD_LIBRARIES = YES;
				BUNDLE_LOADER = "$(TEST_HOST)";
				CODE_SIGN_STYLE = Automatic;
				DEVELOPMENT_TEAM = CCQW2FKVTH;
				INFOPLIST_FILE = TinderTests/Info.plist;
				LD_RUNPATH_SEARCH_PATHS = "$(inherited) @executable_path/Frameworks @loader_path/Frameworks";
				PRODUCT_BUNDLE_IDENTIFIER = csumb.TinderTests;
				PRODUCT_NAME = "$(TARGET_NAME)";
				SWIFT_VERSION = 4.0;
				TARGETED_DEVICE_FAMILY = "1,2";
				TEST_HOST = "$(BUILT_PRODUCTS_DIR)/Tinder.app/Tinder";
			};
			name = Debug;
		};
		8E938040206C3D4F001C7E42 /* Release */ = {
			isa = XCBuildConfiguration;
			buildSettings = {
				ALWAYS_EMBED_SWIFT_STANDARD_LIBRARIES = YES;
				BUNDLE_LOADER = "$(TEST_HOST)";
				CODE_SIGN_STYLE = Automatic;
				DEVELOPMENT_TEAM = CCQW2FKVTH;
				INFOPLIST_FILE = TinderTests/Info.plist;
				LD_RUNPATH_SEARCH_PATHS = "$(inherited) @executable_path/Frameworks @loader_path/Frameworks";
				PRODUCT_BUNDLE_IDENTIFIER = csumb.TinderTests;
				PRODUCT_NAME = "$(TARGET_NAME)";
				SWIFT_VERSION = 4.0;
				TARGETED_DEVICE_FAMILY = "1,2";
				TEST_HOST = "$(BUILT_PRODUCTS_DIR)/Tinder.app/Tinder";
			};
			name = Release;
		};
		8E938042206C3D4F001C7E42 /* Debug */ = {
			isa = XCBuildConfiguration;
			buildSettings = {
				ALWAYS_EMBED_SWIFT_STANDARD_LIBRARIES = YES;
				CODE_SIGN_STYLE = Automatic;
				DEVELOPMENT_TEAM = CCQW2FKVTH;
				INFOPLIST_FILE = TinderUITests/Info.plist;
				LD_RUNPATH_SEARCH_PATHS = "$(inherited) @executable_path/Frameworks @loader_path/Frameworks";
				PRODUCT_BUNDLE_IDENTIFIER = csumb.TinderUITests;
				PRODUCT_NAME = "$(TARGET_NAME)";
				SWIFT_VERSION = 4.0;
				TARGETED_DEVICE_FAMILY = "1,2";
				TEST_TARGET_NAME = Tinder;
			};
			name = Debug;
		};
		8E938043206C3D4F001C7E42 /* Release */ = {
			isa = XCBuildConfiguration;
			buildSettings = {
				ALWAYS_EMBED_SWIFT_STANDARD_LIBRARIES = YES;
				CODE_SIGN_STYLE = Automatic;
				DEVELOPMENT_TEAM = CCQW2FKVTH;
				INFOPLIST_FILE = TinderUITests/Info.plist;
				LD_RUNPATH_SEARCH_PATHS = "$(inherited) @executable_path/Frameworks @loader_path/Frameworks";
				PRODUCT_BUNDLE_IDENTIFIER = csumb.TinderUITests;
				PRODUCT_NAME = "$(TARGET_NAME)";
				SWIFT_VERSION = 4.0;
				TARGETED_DEVICE_FAMILY = "1,2";
				TEST_TARGET_NAME = Tinder;
			};
			name = Release;
		};
/* End XCBuildConfiguration section */

/* Begin XCConfigurationList section */
		8E93800E206C3D4F001C7E42 /* Build configuration list for PBXProject "Tinder" */ = {
			isa = XCConfigurationList;
			buildConfigurations = (
				8E938039206C3D4F001C7E42 /* Debug */,
				8E93803A206C3D4F001C7E42 /* Release */,
			);
			defaultConfigurationIsVisible = 0;
			defaultConfigurationName = Release;
		};
		8E93803B206C3D4F001C7E42 /* Build configuration list for PBXNativeTarget "Tinder" */ = {
			isa = XCConfigurationList;
			buildConfigurations = (
				8E93803C206C3D4F001C7E42 /* Debug */,
				8E93803D206C3D4F001C7E42 /* Release */,
			);
			defaultConfigurationIsVisible = 0;
			defaultConfigurationName = Release;
		};
		8E93803E206C3D4F001C7E42 /* Build configuration list for PBXNativeTarget "TinderTests" */ = {
			isa = XCConfigurationList;
			buildConfigurations = (
				8E93803F206C3D4F001C7E42 /* Debug */,
				8E938040206C3D4F001C7E42 /* Release */,
			);
			defaultConfigurationIsVisible = 0;
			defaultConfigurationName = Release;
		};
		8E938041206C3D4F001C7E42 /* Build configuration list for PBXNativeTarget "TinderUITests" */ = {
			isa = XCConfigurationList;
			buildConfigurations = (
				8E938042206C3D4F001C7E42 /* Debug */,
				8E938043206C3D4F001C7E42 /* Release */,
			);
			defaultConfigurationIsVisible = 0;
			defaultConfigurationName = Release;
		};
/* End XCConfigurationList section */
	};
	rootObject = 8E93800B206C3D4F001C7E42 /* Project object */;
}
